
Microsoft Visual Studio Solution File, Format Version 12.00
# Visual Studio Version 16
VisualStudioVersion = 16.0.31424.327
MinimumVisualStudioVersion = 10.0.40219.1
Project("{FAE04EC0-301F-11D3-BF4B-00C04F79EFBC}") = "Api", "Api\Api.csproj", "{054A4FFB-A038-46A0-B0C0-8B42DC5190D4}"
EndProject
Project("{FAE04EC0-301F-11D3-BF4B-00C04F79EFBC}") = "Domain", "Domain\Domain.csproj", "{F226E799-6DFB-45BA-AACC-A05D52A4A3B5}"
EndProject
Project("{FAE04EC0-301F-11D3-BF4B-00C04F79EFBC}") = "Infrastructure", "Infrastructure\Infrastructure.csproj", "{7D6D2917-AA1E-4F5D-B878-54C211C6C59E}"
EndProject
Project("{2150E333-8FDC-42A3-9474-1A3956D46DE8}") = "Solution Items", "Solution Items", "{2B725DDA-04EE-4188-AAA2-C3868D6E2093}"
	ProjectSection(SolutionItems) = preProject
		.github\workflows\ci.yml = .github\workflows\ci.yml
		README.md = README.md
		global.json = global.json
	EndProjectSection
EndProject
Global
	GlobalSection(SolutionConfigurationPlatforms) = preSolution
		Debug|Any CPU = Debug|Any CPU
		Release|Any CPU = Release|Any CPU
	EndGlobalSection
	GlobalSection(ProjectConfigurationPlatforms) = postSolution
		{054A4FFB-A038-46A0-B0C0-8B42DC5190D4}.Debug|Any CPU.ActiveCfg = Debug|Any CPU
		{054A4FFB-A038-46A0-B0C0-8B42DC5190D4}.Debug|Any CPU.Build.0 = Debug|Any CPU
		{054A4FFB-A038-46A0-B0C0-8B42DC5190D4}.Release|Any CPU.ActiveCfg = Release|Any CPU
		{054A4FFB-A038-46A0-B0C0-8B42DC5190D4}.Release|Any CPU.Build.0 = Release|Any CPU
		{F226E799-6DFB-45BA-AACC-A05D52A4A3B5}.Debug|Any CPU.ActiveCfg = Debug|Any CPU
		{F226E799-6DFB-45BA-AACC-A05D52A4A3B5}.Debug|Any CPU.Build.0 = Debug|Any CPU
		{F226E799-6DFB-45BA-AACC-A05D52A4A3B5}.Release|Any CPU.ActiveCfg = Release|Any CPU
		{F226E799-6DFB-45BA-AACC-A05D52A4A3B5}.Release|Any CPU.Build.0 = Release|Any CPU
		{7D6D2917-AA1E-4F5D-B878-54C211C6C59E}.Debug|Any CPU.ActiveCfg = Debug|Any CPU
		{7D6D2917-AA1E-4F5D-B878-54C211C6C59E}.Debug|Any CPU.Build.0 = Debug|Any CPU
		{7D6D2917-AA1E-4F5D-B878-54C211C6C59E}.Release|Any CPU.ActiveCfg = Release|Any CPU
		{7D6D2917-AA1E-4F5D-B878-54C211C6C59E}.Release|Any CPU.Build.0 = Release|Any CPU
	EndGlobalSection
	GlobalSection(SolutionProperties) = preSolution
		HideSolutionNode = FALSE
	EndGlobalSection
	GlobalSection(ExtensibilityGlobals) = postSolution
		SolutionGuid = {CADF9263-41B5-430E-821C-41739795E9BC}
	EndGlobalSection
EndGlobal
